// !$*UTF8*$!
{
	archiveVersion = 1;
	classes = {
	};
	objectVersion = 50;
	objects = {

/* Begin PBXBuildFile section */
		9F033A772553359B006C1FF3 /* ChartViewController.swift in Sources */ = {isa = PBXBuildFile; fileRef = 9F033A762553359B006C1FF3 /* ChartViewController.swift */; };
		9FB96C0E25530120000536E3 /* AppDelegate.swift in Sources */ = {isa = PBXBuildFile; fileRef = 9FB96C0D25530120000536E3 /* AppDelegate.swift */; };
		9FB96C1525530120000536E3 /* Main.storyboard in Resources */ = {isa = PBXBuildFile; fileRef = 9FB96C1325530120000536E3 /* Main.storyboard */; };
		9FB96C1725530121000536E3 /* Assets.xcassets in Resources */ = {isa = PBXBuildFile; fileRef = 9FB96C1625530121000536E3 /* Assets.xcassets */; };
		9FB96C1A25530121000536E3 /* LaunchScreen.storyboard in Resources */ = {isa = PBXBuildFile; fileRef = 9FB96C1825530121000536E3 /* LaunchScreen.storyboard */; };
		9FB96C2525530121000536E3 /* Expense_TrackerTests.swift in Sources */ = {isa = PBXBuildFile; fileRef = 9FB96C2425530121000536E3 /* Expense_TrackerTests.swift */; };
		9FB96C3025530121000536E3 /* Expense_TrackerUITests.swift in Sources */ = {isa = PBXBuildFile; fileRef = 9FB96C2F25530121000536E3 /* Expense_TrackerUITests.swift */; };
		9FB96C45255301C4000536E3 /* TabBarController.swift in Sources */ = {isa = PBXBuildFile; fileRef = 9FB96C44255301C4000536E3 /* TabBarController.swift */; };
		9FB96C4E25530289000536E3 /* DashboardViewController.swift in Sources */ = {isa = PBXBuildFile; fileRef = 9FB96C4D25530289000536E3 /* DashboardViewController.swift */; };
		9FB96C5625530295000536E3 /* DashboardPresenter.swift in Sources */ = {isa = PBXBuildFile; fileRef = 9FB96C5525530295000536E3 /* DashboardPresenter.swift */; };
		9FB96C5B255302A8000536E3 /* BasePresenterView.swift in Sources */ = {isa = PBXBuildFile; fileRef = 9FB96C5A255302A8000536E3 /* BasePresenterView.swift */; };
		9FB96C61255302C8000536E3 /* BaseViewController.swift in Sources */ = {isa = PBXBuildFile; fileRef = 9FB96C60255302C8000536E3 /* BaseViewController.swift */; };
		9FB96C69255302D2000536E3 /* BaseViewPresenter.swift in Sources */ = {isa = PBXBuildFile; fileRef = 9FB96C68255302D2000536E3 /* BaseViewPresenter.swift */; };
		9FB96C6F255304F5000536E3 /* ExpenseTrackerData.swift in Sources */ = {isa = PBXBuildFile; fileRef = 9FB96C6E255304F5000536E3 /* ExpenseTrackerData.swift */; };
		9FB96C772553050A000536E3 /* ExpenseTrackerDataRepo.swift in Sources */ = {isa = PBXBuildFile; fileRef = 9FB96C762553050A000536E3 /* ExpenseTrackerDataRepo.swift */; };
		9FB96C7D2553072F000536E3 /* TransactionCategory.swift in Sources */ = {isa = PBXBuildFile; fileRef = 9FB96C7C2553072F000536E3 /* TransactionCategory.swift */; };
		9FB96C8625530DA6000536E3 /* DashboardHeaderView.swift in Sources */ = {isa = PBXBuildFile; fileRef = 9FB96C8525530DA6000536E3 /* DashboardHeaderView.swift */; };
		9FB96C8E25530DBF000536E3 /* TransactionListViewModel.swift in Sources */ = {isa = PBXBuildFile; fileRef = 9FB96C8D25530DBF000536E3 /* TransactionListViewModel.swift */; };
		9FB96CA52553194C000536E3 /* AddTransactionViewControlller.swift in Sources */ = {isa = PBXBuildFile; fileRef = 9FB96CA42553194C000536E3 /* AddTransactionViewControlller.swift */; };
		9FB96CAA25531958000536E3 /* AddTransactionPresenter.swift in Sources */ = {isa = PBXBuildFile; fileRef = 9FB96CA925531958000536E3 /* AddTransactionPresenter.swift */; };
		9FB96CAF25531965000536E3 /* AddTransactionLayoutView.swift in Sources */ = {isa = PBXBuildFile; fileRef = 9FB96CAE25531965000536E3 /* AddTransactionLayoutView.swift */; };
		9FB96CB425531BC7000536E3 /* BasePickerView.swift in Sources */ = {isa = PBXBuildFile; fileRef = 9FB96CB325531BC7000536E3 /* BasePickerView.swift */; };
		9FB96CB925531C0C000536E3 /* BaseTextField.swift in Sources */ = {isa = PBXBuildFile; fileRef = 9FB96CB825531C0C000536E3 /* BaseTextField.swift */; };
		9FB96CBE25531C9C000536E3 /* TransactionCell.swift in Sources */ = {isa = PBXBuildFile; fileRef = 9FB96CBD25531C9C000536E3 /* TransactionCell.swift */; };
		9FB96CCF255323EA000536E3 /* TransactionType.swift in Sources */ = {isa = PBXBuildFile; fileRef = 9FB96CCE255323EA000536E3 /* TransactionType.swift */; };
		9FB96CD425532471000536E3 /* BalanceType.swift in Sources */ = {isa = PBXBuildFile; fileRef = 9FB96CD325532471000536E3 /* BalanceType.swift */; };
/* End PBXBuildFile section */

/* Begin PBXContainerItemProxy section */
		9FB96C2125530121000536E3 /* PBXContainerItemProxy */ = {
			isa = PBXContainerItemProxy;
			containerPortal = 9FB96C0225530120000536E3 /* Project object */;
			proxyType = 1;
			remoteGlobalIDString = 9FB96C0925530120000536E3;
			remoteInfo = "Expense Tracker";
		};
		9FB96C2C25530121000536E3 /* PBXContainerItemProxy */ = {
			isa = PBXContainerItemProxy;
			containerPortal = 9FB96C0225530120000536E3 /* Project object */;
			proxyType = 1;
			remoteGlobalIDString = 9FB96C0925530120000536E3;
			remoteInfo = "Expense Tracker";
		};
/* End PBXContainerItemProxy section */

/* Begin PBXFileReference section */
		9F033A762553359B006C1FF3 /* ChartViewController.swift */ = {isa = PBXFileReference; lastKnownFileType = sourcecode.swift; path = ChartViewController.swift; sourceTree = "<group>"; };
		9FB96C0A25530120000536E3 /* Expense Tracker.app */ = {isa = PBXFileReference; explicitFileType = wrapper.application; includeInIndex = 0; path = "Expense Tracker.app"; sourceTree = BUILT_PRODUCTS_DIR; };
		9FB96C0D25530120000536E3 /* AppDelegate.swift */ = {isa = PBXFileReference; lastKnownFileType = sourcecode.swift; path = AppDelegate.swift; sourceTree = "<group>"; };
		9FB96C1425530120000536E3 /* Base */ = {isa = PBXFileReference; lastKnownFileType = file.storyboard; name = Base; path = Base.lproj/Main.storyboard; sourceTree = "<group>"; };
		9FB96C1625530121000536E3 /* Assets.xcassets */ = {isa = PBXFileReference; lastKnownFileType = folder.assetcatalog; path = Assets.xcassets; sourceTree = "<group>"; };
		9FB96C1925530121000536E3 /* Base */ = {isa = PBXFileReference; lastKnownFileType = file.storyboard; name = Base; path = Base.lproj/LaunchScreen.storyboard; sourceTree = "<group>"; };
		9FB96C1B25530121000536E3 /* Info.plist */ = {isa = PBXFileReference; lastKnownFileType = text.plist.xml; path = Info.plist; sourceTree = "<group>"; };
		9FB96C2025530121000536E3 /* Expense TrackerTests.xctest */ = {isa = PBXFileReference; explicitFileType = wrapper.cfbundle; includeInIndex = 0; path = "Expense TrackerTests.xctest"; sourceTree = BUILT_PRODUCTS_DIR; };
		9FB96C2425530121000536E3 /* Expense_TrackerTests.swift */ = {isa = PBXFileReference; lastKnownFileType = sourcecode.swift; path = Expense_TrackerTests.swift; sourceTree = "<group>"; };
		9FB96C2625530121000536E3 /* Info.plist */ = {isa = PBXFileReference; lastKnownFileType = text.plist.xml; path = Info.plist; sourceTree = "<group>"; };
		9FB96C2B25530121000536E3 /* Expense TrackerUITests.xctest */ = {isa = PBXFileReference; explicitFileType = wrapper.cfbundle; includeInIndex = 0; path = "Expense TrackerUITests.xctest"; sourceTree = BUILT_PRODUCTS_DIR; };
		9FB96C2F25530121000536E3 /* Expense_TrackerUITests.swift */ = {isa = PBXFileReference; lastKnownFileType = sourcecode.swift; path = Expense_TrackerUITests.swift; sourceTree = "<group>"; };
		9FB96C3125530121000536E3 /* Info.plist */ = {isa = PBXFileReference; lastKnownFileType = text.plist.xml; path = Info.plist; sourceTree = "<group>"; };
		9FB96C44255301C4000536E3 /* TabBarController.swift */ = {isa = PBXFileReference; lastKnownFileType = sourcecode.swift; path = TabBarController.swift; sourceTree = "<group>"; };
		9FB96C4D25530289000536E3 /* DashboardViewController.swift */ = {isa = PBXFileReference; lastKnownFileType = sourcecode.swift; path = DashboardViewController.swift; sourceTree = "<group>"; };
		9FB96C5525530295000536E3 /* DashboardPresenter.swift */ = {isa = PBXFileReference; lastKnownFileType = sourcecode.swift; path = DashboardPresenter.swift; sourceTree = "<group>"; };
		9FB96C5A255302A8000536E3 /* BasePresenterView.swift */ = {isa = PBXFileReference; lastKnownFileType = sourcecode.swift; path = BasePresenterView.swift; sourceTree = "<group>"; };
		9FB96C60255302C8000536E3 /* BaseViewController.swift */ = {isa = PBXFileReference; lastKnownFileType = sourcecode.swift; path = BaseViewController.swift; sourceTree = "<group>"; };
		9FB96C68255302D2000536E3 /* BaseViewPresenter.swift */ = {isa = PBXFileReference; lastKnownFileType = sourcecode.swift; path = BaseViewPresenter.swift; sourceTree = "<group>"; };
		9FB96C6E255304F5000536E3 /* ExpenseTrackerData.swift */ = {isa = PBXFileReference; lastKnownFileType = sourcecode.swift; path = ExpenseTrackerData.swift; sourceTree = "<group>"; };
		9FB96C762553050A000536E3 /* ExpenseTrackerDataRepo.swift */ = {isa = PBXFileReference; lastKnownFileType = sourcecode.swift; path = ExpenseTrackerDataRepo.swift; sourceTree = "<group>"; };
		9FB96C7C2553072F000536E3 /* TransactionCategory.swift */ = {isa = PBXFileReference; lastKnownFileType = sourcecode.swift; path = TransactionCategory.swift; sourceTree = "<group>"; };
		9FB96C8525530DA6000536E3 /* DashboardHeaderView.swift */ = {isa = PBXFileReference; lastKnownFileType = sourcecode.swift; path = DashboardHeaderView.swift; sourceTree = "<group>"; };
		9FB96C8D25530DBF000536E3 /* TransactionListViewModel.swift */ = {isa = PBXFileReference; lastKnownFileType = sourcecode.swift; path = TransactionListViewModel.swift; sourceTree = "<group>"; };
		9FB96CA42553194C000536E3 /* AddTransactionViewControlller.swift */ = {isa = PBXFileReference; lastKnownFileType = sourcecode.swift; path = AddTransactionViewControlller.swift; sourceTree = "<group>"; };
		9FB96CA925531958000536E3 /* AddTransactionPresenter.swift */ = {isa = PBXFileReference; lastKnownFileType = sourcecode.swift; path = AddTransactionPresenter.swift; sourceTree = "<group>"; };
		9FB96CAE25531965000536E3 /* AddTransactionLayoutView.swift */ = {isa = PBXFileReference; lastKnownFileType = sourcecode.swift; path = AddTransactionLayoutView.swift; sourceTree = "<group>"; };
		9FB96CB325531BC7000536E3 /* BasePickerView.swift */ = {isa = PBXFileReference; lastKnownFileType = sourcecode.swift; path = BasePickerView.swift; sourceTree = "<group>"; };
		9FB96CB825531C0C000536E3 /* BaseTextField.swift */ = {isa = PBXFileReference; lastKnownFileType = sourcecode.swift; path = BaseTextField.swift; sourceTree = "<group>"; };
		9FB96CBD25531C9C000536E3 /* TransactionCell.swift */ = {isa = PBXFileReference; lastKnownFileType = sourcecode.swift; path = TransactionCell.swift; sourceTree = "<group>"; };
		9FB96CCE255323EA000536E3 /* TransactionType.swift */ = {isa = PBXFileReference; lastKnownFileType = sourcecode.swift; path = TransactionType.swift; sourceTree = "<group>"; };
		9FB96CD325532471000536E3 /* BalanceType.swift */ = {isa = PBXFileReference; lastKnownFileType = sourcecode.swift; path = BalanceType.swift; sourceTree = "<group>"; };
/* End PBXFileReference section */

/* Begin PBXFrameworksBuildPhase section */
		9FB96C0725530120000536E3 /* Frameworks */ = {
			isa = PBXFrameworksBuildPhase;
			buildActionMask = 2147483647;
			files = (
			);
			runOnlyForDeploymentPostprocessing = 0;
		};
		9FB96C1D25530121000536E3 /* Frameworks */ = {
			isa = PBXFrameworksBuildPhase;
			buildActionMask = 2147483647;
			files = (
			);
			runOnlyForDeploymentPostprocessing = 0;
		};
		9FB96C2825530121000536E3 /* Frameworks */ = {
			isa = PBXFrameworksBuildPhase;
			buildActionMask = 2147483647;
			files = (
			);
			runOnlyForDeploymentPostprocessing = 0;
		};
/* End PBXFrameworksBuildPhase section */

/* Begin PBXGroup section */
		9F033A7525533590006C1FF3 /* Chart */ = {
			isa = PBXGroup;
			children = (
				9F033A762553359B006C1FF3 /* ChartViewController.swift */,
			);
			path = Chart;
			sourceTree = "<group>";
		};
		9FB96C0125530120000536E3 = {
			isa = PBXGroup;
			children = (
				9FB96C0C25530120000536E3 /* Expense Tracker */,
				9FB96C2325530121000536E3 /* Expense TrackerTests */,
				9FB96C2E25530121000536E3 /* Expense TrackerUITests */,
				9FB96C0B25530120000536E3 /* Products */,
			);
			sourceTree = "<group>";
		};
		9FB96C0B25530120000536E3 /* Products */ = {
			isa = PBXGroup;
			children = (
				9FB96C0A25530120000536E3 /* Expense Tracker.app */,
				9FB96C2025530121000536E3 /* Expense TrackerTests.xctest */,
				9FB96C2B25530121000536E3 /* Expense TrackerUITests.xctest */,
			);
			name = Products;
			sourceTree = "<group>";
		};
		9FB96C0C25530120000536E3 /* Expense Tracker */ = {
			isa = PBXGroup;
			children = (
				9FB96C5F255302B6000536E3 /* Base */,
				9FB96C43255301B6000536E3 /* BaseView */,
				9FB96C6D255304E3000536E3 /* Data */,
				9FB96C7B25530705000536E3 /* Model */,
				9FB96C4C25530274000536E3 /* Views */,
				9FB96C8425530765000536E3 /* ViewModel */,
				9FB96C0D25530120000536E3 /* AppDelegate.swift */,
				9FB96C1325530120000536E3 /* Main.storyboard */,
				9FB96C1625530121000536E3 /* Assets.xcassets */,
				9FB96C1825530121000536E3 /* LaunchScreen.storyboard */,
				9FB96C1B25530121000536E3 /* Info.plist */,
			);
			path = "Expense Tracker";
			sourceTree = "<group>";
		};
		9FB96C2325530121000536E3 /* Expense TrackerTests */ = {
			isa = PBXGroup;
			children = (
				9FB96C2425530121000536E3 /* Expense_TrackerTests.swift */,
				9FB96C2625530121000536E3 /* Info.plist */,
			);
			path = "Expense TrackerTests";
			sourceTree = "<group>";
		};
		9FB96C2E25530121000536E3 /* Expense TrackerUITests */ = {
			isa = PBXGroup;
			children = (
				9FB96C2F25530121000536E3 /* Expense_TrackerUITests.swift */,
				9FB96C3125530121000536E3 /* Info.plist */,
			);
			path = "Expense TrackerUITests";
			sourceTree = "<group>";
		};
		9FB96C43255301B6000536E3 /* BaseView */ = {
			isa = PBXGroup;
			children = (
				9FB96C44255301C4000536E3 /* TabBarController.swift */,
				9FB96CB325531BC7000536E3 /* BasePickerView.swift */,
				9FB96CB825531C0C000536E3 /* BaseTextField.swift */,
			);
			path = BaseView;
			sourceTree = "<group>";
		};
		9FB96C4C25530274000536E3 /* Views */ = {
			isa = PBXGroup;
			children = (
				9FB96CA32553193C000536E3 /* AddTransaction */,
				9F033A7525533590006C1FF3 /* Chart */,
				9FB96CA225531923000536E3 /* Dashboard */,
			);
			path = Views;
			sourceTree = "<group>";
		};
		9FB96C5F255302B6000536E3 /* Base */ = {
			isa = PBXGroup;
			children = (
				9FB96C5A255302A8000536E3 /* BasePresenterView.swift */,
				9FB96C60255302C8000536E3 /* BaseViewController.swift */,
				9FB96C68255302D2000536E3 /* BaseViewPresenter.swift */,
			);
			path = Base;
			sourceTree = "<group>";
		};
		9FB96C6D255304E3000536E3 /* Data */ = {
			isa = PBXGroup;
			children = (
				9FB96C6E255304F5000536E3 /* ExpenseTrackerData.swift */,
				9FB96C762553050A000536E3 /* ExpenseTrackerDataRepo.swift */,
			);
			path = Data;
			sourceTree = "<group>";
		};
		9FB96C7B25530705000536E3 /* Model */ = {
			isa = PBXGroup;
			children = (
				9FB96C7C2553072F000536E3 /* TransactionCategory.swift */,
				9FB96CCE255323EA000536E3 /* TransactionType.swift */,
				9FB96CD325532471000536E3 /* BalanceType.swift */,
			);
			path = Model;
			sourceTree = "<group>";
		};
		9FB96C8425530765000536E3 /* ViewModel */ = {
			isa = PBXGroup;
			children = (
				9FB96C8D25530DBF000536E3 /* TransactionListViewModel.swift */,
			);
			path = ViewModel;
			sourceTree = "<group>";
		};
		9FB96CA225531923000536E3 /* Dashboard */ = {
			isa = PBXGroup;
			children = (
				9FB96C4D25530289000536E3 /* DashboardViewController.swift */,
				9FB96C5525530295000536E3 /* DashboardPresenter.swift */,
				9FB96C8525530DA6000536E3 /* DashboardHeaderView.swift */,
				9FB96CBD25531C9C000536E3 /* TransactionCell.swift */,
			);
			path = Dashboard;
			sourceTree = "<group>";
		};
		9FB96CA32553193C000536E3 /* AddTransaction */ = {
			isa = PBXGroup;
			children = (
				9FB96CA42553194C000536E3 /* AddTransactionViewControlller.swift */,
				9FB96CA925531958000536E3 /* AddTransactionPresenter.swift */,
				9FB96CAE25531965000536E3 /* AddTransactionLayoutView.swift */,
			);
			path = AddTransaction;
			sourceTree = "<group>";
		};
/* End PBXGroup section */

/* Begin PBXNativeTarget section */
		9FB96C0925530120000536E3 /* Expense Tracker */ = {
			isa = PBXNativeTarget;
			buildConfigurationList = 9FB96C3425530121000536E3 /* Build configuration list for PBXNativeTarget "Expense Tracker" */;
			buildPhases = (
				9FB96C0625530120000536E3 /* Sources */,
				9FB96C0725530120000536E3 /* Frameworks */,
				9FB96C0825530120000536E3 /* Resources */,
			);
			buildRules = (
			);
			dependencies = (
			);
			name = "Expense Tracker";
			productName = "Expense Tracker";
			productReference = 9FB96C0A25530120000536E3 /* Expense Tracker.app */;
			productType = "com.apple.product-type.application";
		};
		9FB96C1F25530121000536E3 /* Expense TrackerTests */ = {
			isa = PBXNativeTarget;
			buildConfigurationList = 9FB96C3725530121000536E3 /* Build configuration list for PBXNativeTarget "Expense TrackerTests" */;
			buildPhases = (
				9FB96C1C25530121000536E3 /* Sources */,
				9FB96C1D25530121000536E3 /* Frameworks */,
				9FB96C1E25530121000536E3 /* Resources */,
			);
			buildRules = (
			);
			dependencies = (
				9FB96C2225530121000536E3 /* PBXTargetDependency */,
			);
			name = "Expense TrackerTests";
			productName = "Expense TrackerTests";
			productReference = 9FB96C2025530121000536E3 /* Expense TrackerTests.xctest */;
			productType = "com.apple.product-type.bundle.unit-test";
		};
		9FB96C2A25530121000536E3 /* Expense TrackerUITests */ = {
			isa = PBXNativeTarget;
			buildConfigurationList = 9FB96C3A25530121000536E3 /* Build configuration list for PBXNativeTarget "Expense TrackerUITests" */;
			buildPhases = (
				9FB96C2725530121000536E3 /* Sources */,
				9FB96C2825530121000536E3 /* Frameworks */,
				9FB96C2925530121000536E3 /* Resources */,
			);
			buildRules = (
			);
			dependencies = (
				9FB96C2D25530121000536E3 /* PBXTargetDependency */,
			);
			name = "Expense TrackerUITests";
			productName = "Expense TrackerUITests";
			productReference = 9FB96C2B25530121000536E3 /* Expense TrackerUITests.xctest */;
			productType = "com.apple.product-type.bundle.ui-testing";
		};
/* End PBXNativeTarget section */

/* Begin PBXProject section */
		9FB96C0225530120000536E3 /* Project object */ = {
			isa = PBXProject;
			attributes = {
				LastSwiftUpdateCheck = 1200;
				LastUpgradeCheck = 1200;
				TargetAttributes = {
					9FB96C0925530120000536E3 = {
						CreatedOnToolsVersion = 12.0.1;
					};
					9FB96C1F25530121000536E3 = {
						CreatedOnToolsVersion = 12.0.1;
						TestTargetID = 9FB96C0925530120000536E3;
					};
					9FB96C2A25530121000536E3 = {
						CreatedOnToolsVersion = 12.0.1;
						TestTargetID = 9FB96C0925530120000536E3;
					};
				};
			};
			buildConfigurationList = 9FB96C0525530120000536E3 /* Build configuration list for PBXProject "Expense Tracker" */;
			compatibilityVersion = "Xcode 9.3";
			developmentRegion = en;
			hasScannedForEncodings = 0;
			knownRegions = (
				en,
				Base,
			);
			mainGroup = 9FB96C0125530120000536E3;
			productRefGroup = 9FB96C0B25530120000536E3 /* Products */;
			projectDirPath = "";
			projectRoot = "";
			targets = (
				9FB96C0925530120000536E3 /* Expense Tracker */,
				9FB96C1F25530121000536E3 /* Expense TrackerTests */,
				9FB96C2A25530121000536E3 /* Expense TrackerUITests */,
			);
		};
/* End PBXProject section */

/* Begin PBXResourcesBuildPhase section */
		9FB96C0825530120000536E3 /* Resources */ = {
			isa = PBXResourcesBuildPhase;
			buildActionMask = 2147483647;
			files = (
				9FB96C1A25530121000536E3 /* LaunchScreen.storyboard in Resources */,
				9FB96C1725530121000536E3 /* Assets.xcassets in Resources */,
				9FB96C1525530120000536E3 /* Main.storyboard in Resources */,
			);
			runOnlyForDeploymentPostprocessing = 0;
		};
		9FB96C1E25530121000536E3 /* Resources */ = {
			isa = PBXResourcesBuildPhase;
			buildActionMask = 2147483647;
			files = (
			);
			runOnlyForDeploymentPostprocessing = 0;
		};
		9FB96C2925530121000536E3 /* Resources */ = {
			isa = PBXResourcesBuildPhase;
			buildActionMask = 2147483647;
			files = (
			);
			runOnlyForDeploymentPostprocessing = 0;
		};
/* End PBXResourcesBuildPhase section */

/* Begin PBXSourcesBuildPhase section */
		9FB96C0625530120000536E3 /* Sources */ = {
			isa = PBXSourcesBuildPhase;
			buildActionMask = 2147483647;
			files = (
				9FB96CD425532471000536E3 /* BalanceType.swift in Sources */,
				9FB96C69255302D2000536E3 /* BaseViewPresenter.swift in Sources */,
				9FB96CB425531BC7000536E3 /* BasePickerView.swift in Sources */,
				9FB96CAF25531965000536E3 /* AddTransactionLayoutView.swift in Sources */,
				9FB96CBE25531C9C000536E3 /* TransactionCell.swift in Sources */,
				9FB96C8E25530DBF000536E3 /* TransactionListViewModel.swift in Sources */,
				9FB96C45255301C4000536E3 /* TabBarController.swift in Sources */,
				9FB96C7D2553072F000536E3 /* TransactionCategory.swift in Sources */,
				9F033A772553359B006C1FF3 /* ChartViewController.swift in Sources */,
				9FB96C5625530295000536E3 /* DashboardPresenter.swift in Sources */,
				9FB96C8625530DA6000536E3 /* DashboardHeaderView.swift in Sources */,
				9FB96CA52553194C000536E3 /* AddTransactionViewControlller.swift in Sources */,
				9FB96C772553050A000536E3 /* ExpenseTrackerDataRepo.swift in Sources */,
				9FB96CAA25531958000536E3 /* AddTransactionPresenter.swift in Sources */,
				9FB96C5B255302A8000536E3 /* BasePresenterView.swift in Sources */,
				9FB96CCF255323EA000536E3 /* TransactionType.swift in Sources */,
				9FB96CB925531C0C000536E3 /* BaseTextField.swift in Sources */,
				9FB96C6F255304F5000536E3 /* ExpenseTrackerData.swift in Sources */,
				9FB96C0E25530120000536E3 /* AppDelegate.swift in Sources */,
				9FB96C61255302C8000536E3 /* BaseViewController.swift in Sources */,
				9FB96C4E25530289000536E3 /* DashboardViewController.swift in Sources */,
			);
			runOnlyForDeploymentPostprocessing = 0;
		};
		9FB96C1C25530121000536E3 /* Sources */ = {
			isa = PBXSourcesBuildPhase;
			buildActionMask = 2147483647;
			files = (
				9FB96C2525530121000536E3 /* Expense_TrackerTests.swift in Sources */,
			);
			runOnlyForDeploymentPostprocessing = 0;
		};
		9FB96C2725530121000536E3 /* Sources */ = {
			isa = PBXSourcesBuildPhase;
			buildActionMask = 2147483647;
			files = (
				9FB96C3025530121000536E3 /* Expense_TrackerUITests.swift in Sources */,
			);
			runOnlyForDeploymentPostprocessing = 0;
		};
/* End PBXSourcesBuildPhase section */

/* Begin PBXTargetDependency section */
		9FB96C2225530121000536E3 /* PBXTargetDependency */ = {
			isa = PBXTargetDependency;
			target = 9FB96C0925530120000536E3 /* Expense Tracker */;
			targetProxy = 9FB96C2125530121000536E3 /* PBXContainerItemProxy */;
		};
		9FB96C2D25530121000536E3 /* PBXTargetDependency */ = {
			isa = PBXTargetDependency;
			target = 9FB96C0925530120000536E3 /* Expense Tracker */;
			targetProxy = 9FB96C2C25530121000536E3 /* PBXContainerItemProxy */;
		};
/* End PBXTargetDependency section */

/* Begin PBXVariantGroup section */
		9FB96C1325530120000536E3 /* Main.storyboard */ = {
			isa = PBXVariantGroup;
			children = (
				9FB96C1425530120000536E3 /* Base */,
			);
			name = Main.storyboard;
			sourceTree = "<group>";
		};
		9FB96C1825530121000536E3 /* LaunchScreen.storyboard */ = {
			isa = PBXVariantGroup;
			children = (
				9FB96C1925530121000536E3 /* Base */,
			);
			name = LaunchScreen.storyboard;
			sourceTree = "<group>";
		};
/* End PBXVariantGroup section */

/* Begin XCBuildConfiguration section */
		9FB96C3225530121000536E3 /* Debug */ = {
			isa = XCBuildConfiguration;
			buildSettings = {
				ALWAYS_SEARCH_USER_PATHS = NO;
				CLANG_ANALYZER_NONNULL = YES;
				CLANG_ANALYZER_NUMBER_OBJECT_CONVERSION = YES_AGGRESSIVE;
				CLANG_CXX_LANGUAGE_STANDARD = "gnu++14";
				CLANG_CXX_LIBRARY = "libc++";
				CLANG_ENABLE_MODULES = YES;
				CLANG_ENABLE_OBJC_ARC = YES;
				CLANG_ENABLE_OBJC_WEAK = YES;
				CLANG_WARN_BLOCK_CAPTURE_AUTORELEASING = YES;
				CLANG_WARN_BOOL_CONVERSION = YES;
				CLANG_WARN_COMMA = YES;
				CLANG_WARN_CONSTANT_CONVERSION = YES;
				CLANG_WARN_DEPRECATED_OBJC_IMPLEMENTATIONS = YES;
				CLANG_WARN_DIRECT_OBJC_ISA_USAGE = YES_ERROR;
				CLANG_WARN_DOCUMENTATION_COMMENTS = YES;
				CLANG_WARN_EMPTY_BODY = YES;
				CLANG_WARN_ENUM_CONVERSION = YES;
				CLANG_WARN_INFINITE_RECURSION = YES;
				CLANG_WARN_INT_CONVERSION = YES;
				CLANG_WARN_NON_LITERAL_NULL_CONVERSION = YES;
				CLANG_WARN_OBJC_IMPLICIT_RETAIN_SELF = YES;
				CLANG_WARN_OBJC_LITERAL_CONVERSION = YES;
				CLANG_WARN_OBJC_ROOT_CLASS = YES_ERROR;
				CLANG_WARN_QUOTED_INCLUDE_IN_FRAMEWORK_HEADER = YES;
				CLANG_WARN_RANGE_LOOP_ANALYSIS = YES;
				CLANG_WARN_STRICT_PROTOTYPES = YES;
				CLANG_WARN_SUSPICIOUS_MOVE = YES;
				CLANG_WARN_UNGUARDED_AVAILABILITY = YES_AGGRESSIVE;
				CLANG_WARN_UNREACHABLE_CODE = YES;
				CLANG_WARN__DUPLICATE_METHOD_MATCH = YES;
				COPY_PHASE_STRIP = NO;
				DEBUG_INFORMATION_FORMAT = dwarf;
				ENABLE_STRICT_OBJC_MSGSEND = YES;
				ENABLE_TESTABILITY = YES;
				GCC_C_LANGUAGE_STANDARD = gnu11;
				GCC_DYNAMIC_NO_PIC = NO;
				GCC_NO_COMMON_BLOCKS = YES;
				GCC_OPTIMIZATION_LEVEL = 0;
				GCC_PREPROCESSOR_DEFINITIONS = (
					"DEBUG=1",
					"$(inherited)",
				);
				GCC_WARN_64_TO_32_BIT_CONVERSION = YES;
				GCC_WARN_ABOUT_RETURN_TYPE = YES_ERROR;
				GCC_WARN_UNDECLARED_SELECTOR = YES;
				GCC_WARN_UNINITIALIZED_AUTOS = YES_AGGRESSIVE;
				GCC_WARN_UNUSED_FUNCTION = YES;
				GCC_WARN_UNUSED_VARIABLE = YES;
				IPHONEOS_DEPLOYMENT_TARGET = 12.0;
				MTL_ENABLE_DEBUG_INFO = INCLUDE_SOURCE;
				MTL_FAST_MATH = YES;
				ONLY_ACTIVE_ARCH = YES;
				SDKROOT = iphoneos;
				SWIFT_ACTIVE_COMPILATION_CONDITIONS = DEBUG;
				SWIFT_OPTIMIZATION_LEVEL = "-Onone";
			};
			name = Debug;
		};
		9FB96C3325530121000536E3 /* Release */ = {
			isa = XCBuildConfiguration;
			buildSettings = {
				ALWAYS_SEARCH_USER_PATHS = NO;
				CLANG_ANALYZER_NONNULL = YES;
				CLANG_ANALYZER_NUMBER_OBJECT_CONVERSION = YES_AGGRESSIVE;
				CLANG_CXX_LANGUAGE_STANDARD = "gnu++14";
				CLANG_CXX_LIBRARY = "libc++";
				CLANG_ENABLE_MODULES = YES;
				CLANG_ENABLE_OBJC_ARC = YES;
				CLANG_ENABLE_OBJC_WEAK = YES;
				CLANG_WARN_BLOCK_CAPTURE_AUTORELEASING = YES;
				CLANG_WARN_BOOL_CONVERSION = YES;
				CLANG_WARN_COMMA = YES;
				CLANG_WARN_CONSTANT_CONVERSION = YES;
				CLANG_WARN_DEPRECATED_OBJC_IMPLEMENTATIONS = YES;
				CLANG_WARN_DIRECT_OBJC_ISA_USAGE = YES_ERROR;
				CLANG_WARN_DOCUMENTATION_COMMENTS = YES;
				CLANG_WARN_EMPTY_BODY = YES;
				CLANG_WARN_ENUM_CONVERSION = YES;
				CLANG_WARN_INFINITE_RECURSION = YES;
				CLANG_WARN_INT_CONVERSION = YES;
				CLANG_WARN_NON_LITERAL_NULL_CONVERSION = YES;
				CLANG_WARN_OBJC_IMPLICIT_RETAIN_SELF = YES;
				CLANG_WARN_OBJC_LITERAL_CONVERSION = YES;
				CLANG_WARN_OBJC_ROOT_CLASS = YES_ERROR;
				CLANG_WARN_QUOTED_INCLUDE_IN_FRAMEWORK_HEADER = YES;
				CLANG_WARN_RANGE_LOOP_ANALYSIS = YES;
				CLANG_WARN_STRICT_PROTOTYPES = YES;
				CLANG_WARN_SUSPICIOUS_MOVE = YES;
				CLANG_WARN_UNGUARDED_AVAILABILITY = YES_AGGRESSIVE;
				CLANG_WARN_UNREACHABLE_CODE = YES;
				CLANG_WARN__DUPLICATE_METHOD_MATCH = YES;
				COPY_PHASE_STRIP = NO;
				DEBUG_INFORMATION_FORMAT = "dwarf-with-dsym";
				ENABLE_NS_ASSERTIONS = NO;
				ENABLE_STRICT_OBJC_MSGSEND = YES;
				GCC_C_LANGUAGE_STANDARD = gnu11;
				GCC_NO_COMMON_BLOCKS = YES;
				GCC_WARN_64_TO_32_BIT_CONVERSION = YES;
				GCC_WARN_ABOUT_RETURN_TYPE = YES_ERROR;
				GCC_WARN_UNDECLARED_SELECTOR = YES;
				GCC_WARN_UNINITIALIZED_AUTOS = YES_AGGRESSIVE;
				GCC_WARN_UNUSED_FUNCTION = YES;
				GCC_WARN_UNUSED_VARIABLE = YES;
				IPHONEOS_DEPLOYMENT_TARGET = 12.0;
				MTL_ENABLE_DEBUG_INFO = NO;
				MTL_FAST_MATH = YES;
				SDKROOT = iphoneos;
				SWIFT_COMPILATION_MODE = wholemodule;
				SWIFT_OPTIMIZATION_LEVEL = "-O";
				VALIDATE_PRODUCT = YES;
			};
			name = Release;
		};
		9FB96C3525530121000536E3 /* Debug */ = {
			isa = XCBuildConfiguration;
			buildSettings = {
				ASSETCATALOG_COMPILER_APPICON_NAME = AppIcon;
				ASSETCATALOG_COMPILER_GLOBAL_ACCENT_COLOR_NAME = AccentColor;
				CODE_SIGN_STYLE = Automatic;
				INFOPLIST_FILE = "Expense Tracker/Info.plist";
				LD_RUNPATH_SEARCH_PATHS = (
					"$(inherited)",
					"@executable_path/Frameworks",
				);
				PRODUCT_BUNDLE_IDENTIFIER = "sample.Expense-Tracker";
				PRODUCT_NAME = "$(TARGET_NAME)";
				SWIFT_VERSION = 5.0;
				TARGETED_DEVICE_FAMILY = "1,2";
			};
			name = Debug;
		};
		9FB96C3625530121000536E3 /* Release */ = {
			isa = XCBuildConfiguration;
			buildSettings = {
				ASSETCATALOG_COMPILER_APPICON_NAME = AppIcon;
				ASSETCATALOG_COMPILER_GLOBAL_ACCENT_COLOR_NAME = AccentColor;
				CODE_SIGN_STYLE = Automatic;
				INFOPLIST_FILE = "Expense Tracker/Info.plist";
				LD_RUNPATH_SEARCH_PATHS = (
					"$(inherited)",
					"@executable_path/Frameworks",
				);
				PRODUCT_BUNDLE_IDENTIFIER = "sample.Expense-Tracker";
				PRODUCT_NAME = "$(TARGET_NAME)";
				SWIFT_VERSION = 5.0;
				TARGETED_DEVICE_FAMILY = "1,2";
			};
			name = Release;
		};
		9FB96C3825530121000536E3 /* Debug */ = {
			isa = XCBuildConfiguration;
			buildSettings = {
				ALWAYS_EMBED_SWIFT_STANDARD_LIBRARIES = YES;
				BUNDLE_LOADER = "$(TEST_HOST)";
				CODE_SIGN_STYLE = Automatic;
				INFOPLIST_FILE = "Expense TrackerTests/Info.plist";
				IPHONEOS_DEPLOYMENT_TARGET = 14.0;
				LD_RUNPATH_SEARCH_PATHS = (
					"$(inherited)",
					"@executable_path/Frameworks",
					"@loader_path/Frameworks",
				);
				PRODUCT_BUNDLE_IDENTIFIER = "sample.Expense-TrackerTests";
				PRODUCT_NAME = "$(TARGET_NAME)";
				SWIFT_VERSION = 5.0;
				TARGETED_DEVICE_FAMILY = "1,2";
				TEST_HOST = "$(BUILT_PRODUCTS_DIR)/Expense Tracker.app/Expense Tracker";
			};
			name = Debug;
		};
		9FB96C3925530121000536E3 /* Release */ = {
			isa = XCBuildConfiguration;
			buildSettings = {
				ALWAYS_EMBED_SWIFT_STANDARD_LIBRARIES = YES;
				BUNDLE_LOADER = "$(TEST_HOST)";
				CODE_SIGN_STYLE = Automatic;
				INFOPLIST_FILE = "Expense TrackerTests/Info.plist";
				IPHONEOS_DEPLOYMENT_TARGET = 14.0;
				LD_RUNPATH_SEARCH_PATHS = (
					"$(inherited)",
					"@executable_path/Frameworks",
					"@loader_path/Frameworks",
				);
				PRODUCT_BUNDLE_IDENTIFIER = "sample.Expense-TrackerTests";
				PRODUCT_NAME = "$(TARGET_NAME)";
				SWIFT_VERSION = 5.0;
				TARGETED_DEVICE_FAMILY = "1,2";
				TEST_HOST = "$(BUILT_PRODUCTS_DIR)/Expense Tracker.app/Expense Tracker";
			};
			name = Release;
		};
		9FB96C3B25530121000536E3 /* Debug */ = {
			isa = XCBuildConfiguration;
			buildSettings = {
				ALWAYS_EMBED_SWIFT_STANDARD_LIBRARIES = YES;
				CODE_SIGN_STYLE = Automatic;
				INFOPLIST_FILE = "Expense TrackerUITests/Info.plist";
				LD_RUNPATH_SEARCH_PATHS = (
					"$(inherited)",
					"@executable_path/Frameworks",
					"@loader_path/Frameworks",
				);
				PRODUCT_BUNDLE_IDENTIFIER = "sample.Expense-TrackerUITests";
				PRODUCT_NAME = "$(TARGET_NAME)";
				SWIFT_VERSION = 5.0;
				TARGETED_DEVICE_FAMILY = "1,2";
				TEST_TARGET_NAME = "Expense Tracker";
			};
			name = Debug;
		};
		9FB96C3C25530121000536E3 /* Release */ = {
			isa = XCBuildConfiguration;
			buildSettings = {
				ALWAYS_EMBED_SWIFT_STANDARD_LIBRARIES = YES;
				CODE_SIGN_STYLE = Automatic;
				INFOPLIST_FILE = "Expense TrackerUITests/Info.plist";
				LD_RUNPATH_SEARCH_PATHS = (
					"$(inherited)",
					"@executable_path/Frameworks",
					"@loader_path/Frameworks",
				);
				PRODUCT_BUNDLE_IDENTIFIER = "sample.Expense-TrackerUITests";
				PRODUCT_NAME = "$(TARGET_NAME)";
				SWIFT_VERSION = 5.0;
				TARGETED_DEVICE_FAMILY = "1,2";
				TEST_TARGET_NAME = "Expense Tracker";
			};
			name = Release;
		};
/* End XCBuildConfiguration section */

/* Begin XCConfigurationList section */
		9FB96C0525530120000536E3 /* Build configuration list for PBXProject "Expense Tracker" */ = {
			isa = XCConfigurationList;
			buildConfigurations = (
				9FB96C3225530121000536E3 /* Debug */,
				9FB96C3325530121000536E3 /* Release */,
			);
			defaultConfigurationIsVisible = 0;
			defaultConfigurationName = Release;
		};
		9FB96C3425530121000536E3 /* Build configuration list for PBXNativeTarget "Expense Tracker" */ = {
			isa = XCConfigurationList;
			buildConfigurations = (
				9FB96C3525530121000536E3 /* Debug */,
				9FB96C3625530121000536E3 /* Release */,
			);
			defaultConfigurationIsVisible = 0;
			defaultConfigurationName = Release;
		};
		9FB96C3725530121000536E3 /* Build configuration list for PBXNativeTarget "Expense TrackerTests" */ = {
			isa = XCConfigurationList;
			buildConfigurations = (
				9FB96C3825530121000536E3 /* Debug */,
				9FB96C3925530121000536E3 /* Release */,
			);
			defaultConfigurationIsVisible = 0;
			defaultConfigurationName = Release;
		};
		9FB96C3A25530121000536E3 /* Build configuration list for PBXNativeTarget "Expense TrackerUITests" */ = {
			isa = XCConfigurationList;
			buildConfigurations = (
				9FB96C3B25530121000536E3 /* Debug */,
				9FB96C3C25530121000536E3 /* Release */,
			);
			defaultConfigurationIsVisible = 0;
			defaultConfigurationName = Release;
		};
/* End XCConfigurationList section */
	};
	rootObject = 9FB96C0225530120000536E3 /* Project object */;
}
